
Microsoft Visual Studio Solution File, Format Version 12.00
# Visual Studio 15
VisualStudioVersion = 15.0.28307.779
MinimumVisualStudioVersion = 10.0.40219.1
Project("{9A19103F-16F7-4668-BE54-9A1E7A4F7556}") = "Bootstrapdb", "Bootstrap\Bootstrapdb.csproj", "{C37AB3EE-4DC0-492A-A9B8-FAEB69E98425}"
EndProject
Project("{9A19103F-16F7-4668-BE54-9A1E7A4F7556}") = "Bootstrap1", "Bootstrap1\Bootstrap1.csproj", "{B30AAB9C-9E27-4D7B-9F3C-2804F68F904E}"
EndProject
Project("{FAE04EC0-301F-11D3-BF4B-00C04F79EFBC}") = "Bootstrap.Models", "Bootstrap.Models\Bootstrap.Models.csproj", "{939751E9-0C40-4E5E-933D-F6DA80FE0ED4}"
EndProject
Project("{FAE04EC0-301F-11D3-BF4B-00C04F79EFBC}") = "Bootstrap.Manager", "Bootstrap.Manager\Bootstrap.Manager.csproj", "{88851836-4608-4D62-A41D-4C28DDE0964B}"
EndProject
Project("{FAE04EC0-301F-11D3-BF4B-00C04F79EFBC}") = "Bootstrap.Repositories", "Bootstrap.Repositories\Bootstrap.Repositories.csproj", "{B6DE902A-CE20-4352-8A13-1F16BEE86A61}"
EndProject
Global
	GlobalSection(SolutionConfigurationPlatforms) = preSolution
		Debug|Any CPU = Debug|Any CPU
		Release|Any CPU = Release|Any CPU
	EndGlobalSection
	GlobalSection(ProjectConfigurationPlatforms) = postSolution
		{C37AB3EE-4DC0-492A-A9B8-FAEB69E98425}.Debug|Any CPU.ActiveCfg = Debug|Any CPU
		{C37AB3EE-4DC0-492A-A9B8-FAEB69E98425}.Debug|Any CPU.Build.0 = Debug|Any CPU
		{C37AB3EE-4DC0-492A-A9B8-FAEB69E98425}.Release|Any CPU.ActiveCfg = Release|Any CPU
		{C37AB3EE-4DC0-492A-A9B8-FAEB69E98425}.Release|Any CPU.Build.0 = Release|Any CPU
		{B30AAB9C-9E27-4D7B-9F3C-2804F68F904E}.Debug|Any CPU.ActiveCfg = Debug|Any CPU
		{B30AAB9C-9E27-4D7B-9F3C-2804F68F904E}.Debug|Any CPU.Build.0 = Debug|Any CPU
		{B30AAB9C-9E27-4D7B-9F3C-2804F68F904E}.Release|Any CPU.ActiveCfg = Release|Any CPU
		{B30AAB9C-9E27-4D7B-9F3C-2804F68F904E}.Release|Any CPU.Build.0 = Release|Any CPU
		{939751E9-0C40-4E5E-933D-F6DA80FE0ED4}.Debug|Any CPU.ActiveCfg = Debug|Any CPU
		{939751E9-0C40-4E5E-933D-F6DA80FE0ED4}.Debug|Any CPU.Build.0 = Debug|Any CPU
		{939751E9-0C40-4E5E-933D-F6DA80FE0ED4}.Release|Any CPU.ActiveCfg = Release|Any CPU
		{939751E9-0C40-4E5E-933D-F6DA80FE0ED4}.Release|Any CPU.Build.0 = Release|Any CPU
		{88851836-4608-4D62-A41D-4C28DDE0964B}.Debug|Any CPU.ActiveCfg = Debug|Any CPU
		{88851836-4608-4D62-A41D-4C28DDE0964B}.Debug|Any CPU.Build.0 = Debug|Any CPU
		{88851836-4608-4D62-A41D-4C28DDE0964B}.Release|Any CPU.ActiveCfg = Release|Any CPU
		{88851836-4608-4D62-A41D-4C28DDE0964B}.Release|Any CPU.Build.0 = Release|Any CPU
		{B6DE902A-CE20-4352-8A13-1F16BEE86A61}.Debug|Any CPU.ActiveCfg = Debug|Any CPU
		{B6DE902A-CE20-4352-8A13-1F16BEE86A61}.Debug|Any CPU.Build.0 = Debug|Any CPU
		{B6DE902A-CE20-4352-8A13-1F16BEE86A61}.Release|Any CPU.ActiveCfg = Release|Any CPU
		{B6DE902A-CE20-4352-8A13-1F16BEE86A61}.Release|Any CPU.Build.0 = Release|Any CPU
	EndGlobalSection
	GlobalSection(SolutionProperties) = preSolution
		HideSolutionNode = FALSE
	EndGlobalSection
	GlobalSection(ExtensibilityGlobals) = postSolution
		SolutionGuid = {44CE2D21-AB67-4877-96FA-DF2E975FDFA3}
	EndGlobalSection
EndGlobal
